
Microsoft Visual Studio Solution File, Format Version 12.00
# Visual Studio Version 17
VisualStudioVersion = 17.5.33516.290
MinimumVisualStudioVersion = 10.0.40219.1
Project("{FAE04EC0-301F-11D3-BF4B-00C04F79EFBC}") = "SM_Server", "SM_Server.csproj", "{4EE5CAD2-76F0-49A0-99A7-5E9D2A2A3A41}"
EndProject
Global
	GlobalSection(SolutionConfigurationPlatforms) = preSolution
		Debug|Any CPU = Debug|Any CPU
		Release|Any CPU = Release|Any CPU
	EndGlobalSection
	GlobalSection(ProjectConfigurationPlatforms) = postSolution
		{4EE5CAD2-76F0-49A0-99A7-5E9D2A2A3A41}.Debug|Any CPU.ActiveCfg = Debug|Any CPU
		{4EE5CAD2-76F0-49A0-99A7-5E9D2A2A3A41}.Debug|Any CPU.Build.0 = Debug|Any CPU
		{4EE5CAD2-76F0-49A0-99A7-5E9D2A2A3A41}.Release|Any CPU.ActiveCfg = Release|Any CPU
		{4EE5CAD2-76F0-49A0-99A7-5E9D2A2A3A41}.Release|Any CPU.Build.0 = Release|Any CPU
	EndGlobalSection
	GlobalSection(SolutionProperties) = preSolution
		HideSolutionNode = FALSE
	EndGlobalSection
	GlobalSection(ExtensibilityGlobals) = postSolution
		SolutionGuid = {F3F066D7-E343-4797-91EC-118CCB846E91}
	EndGlobalSection
EndGlobal
